
Microsoft Visual Studio Solution File, Format Version 12.00
# Visual Studio Version 16
VisualStudioVersion = 16.0.30503.244
MinimumVisualStudioVersion = 10.0.40219.1
Project("{FAE04EC0-301F-11D3-BF4B-00C04F79EFBC}") = "DevopsParishaPrj", "DevopsParishaPrj.csproj", "{3D5D2C90-8313-43FA-90D3-030BD9EB336F}"
EndProject
Global
	GlobalSection(SolutionConfigurationPlatforms) = preSolution
		Debug|Any CPU = Debug|Any CPU
		Release|Any CPU = Release|Any CPU
	EndGlobalSection
	GlobalSection(ProjectConfigurationPlatforms) = postSolution
		{3D5D2C90-8313-43FA-90D3-030BD9EB336F}.Debug|Any CPU.ActiveCfg = Debug|Any CPU
		{3D5D2C90-8313-43FA-90D3-030BD9EB336F}.Debug|Any CPU.Build.0 = Debug|Any CPU
		{3D5D2C90-8313-43FA-90D3-030BD9EB336F}.Release|Any CPU.ActiveCfg = Release|Any CPU
		{3D5D2C90-8313-43FA-90D3-030BD9EB336F}.Release|Any CPU.Build.0 = Release|Any CPU
	EndGlobalSection
	GlobalSection(SolutionProperties) = preSolution
		HideSolutionNode = FALSE
	EndGlobalSection
	GlobalSection(ExtensibilityGlobals) = postSolution
		SolutionGuid = {96CCF245-07E3-4F9C-B0A4-4AA017173569}
	EndGlobalSection
EndGlobal
